
Microsoft Visual Studio Solution File, Format Version 12.00
# Visual Studio Version 16
VisualStudioVersion = 16.0.31911.196
MinimumVisualStudioVersion = 10.0.40219.1
Project("{FAE04EC0-301F-11D3-BF4B-00C04F79EFBC}") = "File.Poc", "File.Poc\File.Poc.csproj", "{C99923BD-B680-4CA4-BE19-2092C2784589}"
EndProject
Global
	GlobalSection(SolutionConfigurationPlatforms) = preSolution
		Debug|Any CPU = Debug|Any CPU
		Release|Any CPU = Release|Any CPU
	EndGlobalSection
	GlobalSection(ProjectConfigurationPlatforms) = postSolution
		{C99923BD-B680-4CA4-BE19-2092C2784589}.Debug|Any CPU.ActiveCfg = Debug|Any CPU
		{C99923BD-B680-4CA4-BE19-2092C2784589}.Debug|Any CPU.Build.0 = Debug|Any CPU
		{C99923BD-B680-4CA4-BE19-2092C2784589}.Release|Any CPU.ActiveCfg = Release|Any CPU
		{C99923BD-B680-4CA4-BE19-2092C2784589}.Release|Any CPU.Build.0 = Release|Any CPU
	EndGlobalSection
	GlobalSection(SolutionProperties) = preSolution
		HideSolutionNode = FALSE
	EndGlobalSection
	GlobalSection(ExtensibilityGlobals) = postSolution
		SolutionGuid = {F1274A49-CD44-474F-B2DD-044D02BF48B6}
	EndGlobalSection
EndGlobal
